
Microsoft Visual Studio Solution File, Format Version 12.00
# Visual Studio 2013
VisualStudioVersion = 12.0.31101.0
MinimumVisualStudioVersion = 10.0.40219.1
Project("{FAE04EC0-301F-11D3-BF4B-00C04F79EFBC}") = "MusicFramework", "Music\MusicFramework.csproj", "{5277FBD6-A694-4978-B078-545E74A00AFA}"
EndProject
Project("{2150E333-8FDC-42A3-9474-1A3956D46DE8}") = "Libraries", "Libraries", "{01B6E8BD-0737-40B0-A596-F36228A3C5CD}"
EndProject
Project("{FAE04EC0-301F-11D3-BF4B-00C04F79EFBC}") = "MusicPlayer", "MusicPlayer\MusicPlayer.csproj", "{0C44A74F-0194-47D5-8500-3D2D6A961E2A}"
EndProject
Project("{2150E333-8FDC-42A3-9474-1A3956D46DE8}") = "Solution Items", "Solution Items", "{9D2EFBB5-8F23-4330-BD8D-42D8DC1E5826}"
	ProjectSection(SolutionItems) = preProject
		README.md = README.md
		WhatsNew.txt = WhatsNew.txt
	EndProjectSection
EndProject
Project("{2150E333-8FDC-42A3-9474-1A3956D46DE8}") = "Debug", "Debug", "{01C92AFA-844C-4DB8-A64A-EF2BFE85C7D5}"
	ProjectSection(SolutionItems) = preProject
		Libraries\Debug\LostParticles.TicksEngine.dll = Libraries\Debug\LostParticles.TicksEngine.dll
	EndProjectSection
EndProject
Project("{2150E333-8FDC-42A3-9474-1A3956D46DE8}") = "Release", "Release", "{A259D60F-F98F-4D42-9B83-5621487A5302}"
	ProjectSection(SolutionItems) = preProject
		Libraries\Release\AudioSynthesis.dll = Libraries\Release\AudioSynthesis.dll
		Libraries\Release\LostParticles.TicksEngine.dll = Libraries\Release\LostParticles.TicksEngine.dll
	EndProjectSection
EndProject
Project("{FAE04EC0-301F-11D3-BF4B-00C04F79EFBC}") = "MusicFrameworkTestingProject", "MusicFrameworkTestingProject\MusicFrameworkTestingProject.csproj", "{5BB5FDFB-91AF-43FF-A4BC-E86AAA9E76BB}"
EndProject
Project("{2150E333-8FDC-42A3-9474-1A3956D46DE8}") = "UnitTesting", "UnitTesting", "{618C7DD6-BADB-4DA0-90DC-3B450001FA87}"
EndProject
Global
	GlobalSection(SolutionConfigurationPlatforms) = preSolution
		Debug|Any CPU = Debug|Any CPU
		Release|Any CPU = Release|Any CPU
	EndGlobalSection
	GlobalSection(ProjectConfigurationPlatforms) = postSolution
		{5277FBD6-A694-4978-B078-545E74A00AFA}.Debug|Any CPU.ActiveCfg = Debug|Any CPU
		{5277FBD6-A694-4978-B078-545E74A00AFA}.Debug|Any CPU.Build.0 = Debug|Any CPU
		{5277FBD6-A694-4978-B078-545E74A00AFA}.Release|Any CPU.ActiveCfg = Release|Any CPU
		{5277FBD6-A694-4978-B078-545E74A00AFA}.Release|Any CPU.Build.0 = Release|Any CPU
		{0C44A74F-0194-47D5-8500-3D2D6A961E2A}.Debug|Any CPU.ActiveCfg = Debug|Any CPU
		{0C44A74F-0194-47D5-8500-3D2D6A961E2A}.Debug|Any CPU.Build.0 = Debug|Any CPU
		{0C44A74F-0194-47D5-8500-3D2D6A961E2A}.Release|Any CPU.ActiveCfg = Release|Any CPU
		{0C44A74F-0194-47D5-8500-3D2D6A961E2A}.Release|Any CPU.Build.0 = Release|Any CPU
		{5BB5FDFB-91AF-43FF-A4BC-E86AAA9E76BB}.Debug|Any CPU.ActiveCfg = Debug|Any CPU
		{5BB5FDFB-91AF-43FF-A4BC-E86AAA9E76BB}.Debug|Any CPU.Build.0 = Debug|Any CPU
		{5BB5FDFB-91AF-43FF-A4BC-E86AAA9E76BB}.Release|Any CPU.ActiveCfg = Release|Any CPU
		{5BB5FDFB-91AF-43FF-A4BC-E86AAA9E76BB}.Release|Any CPU.Build.0 = Release|Any CPU
	EndGlobalSection
	GlobalSection(SolutionProperties) = preSolution
		HideSolutionNode = FALSE
	EndGlobalSection
	GlobalSection(NestedProjects) = preSolution
		{01C92AFA-844C-4DB8-A64A-EF2BFE85C7D5} = {01B6E8BD-0737-40B0-A596-F36228A3C5CD}
		{A259D60F-F98F-4D42-9B83-5621487A5302} = {01B6E8BD-0737-40B0-A596-F36228A3C5CD}
		{5BB5FDFB-91AF-43FF-A4BC-E86AAA9E76BB} = {618C7DD6-BADB-4DA0-90DC-3B450001FA87}
	EndGlobalSection
EndGlobal
